// !$*UTF8*$!
{
	archiveVersion = 1;
	classes = {
	};
	objectVersion = 50;
	objects = {

/* Begin PBXBuildFile section */
		2144040F22FC4E0A00E8C2FE /* AppDelegate.m in Sources */ = {isa = PBXBuildFile; fileRef = 2144040E22FC4E0A00E8C2FE /* AppDelegate.m */; };
		2144041222FC4E0A00E8C2FE /* ViewController.m in Sources */ = {isa = PBXBuildFile; fileRef = 2144041122FC4E0A00E8C2FE /* ViewController.m */; };
		2144041522FC4E0A00E8C2FE /* Main.storyboard in Resources */ = {isa = PBXBuildFile; fileRef = 2144041322FC4E0A00E8C2FE /* Main.storyboard */; };
		2144041722FC4E0B00E8C2FE /* Assets.xcassets in Resources */ = {isa = PBXBuildFile; fileRef = 2144041622FC4E0B00E8C2FE /* Assets.xcassets */; };
		2144041A22FC4E0B00E8C2FE /* LaunchScreen.storyboard in Resources */ = {isa = PBXBuildFile; fileRef = 2144041822FC4E0B00E8C2FE /* LaunchScreen.storyboard */; };
		2144041D22FC4E0B00E8C2FE /* main.m in Sources */ = {isa = PBXBuildFile; fileRef = 2144041C22FC4E0B00E8C2FE /* main.m */; };
		2144042722FC4E0B00E8C2FE /* Animal_ProjTests.m in Sources */ = {isa = PBXBuildFile; fileRef = 2144042622FC4E0B00E8C2FE /* Animal_ProjTests.m */; };
		2144043222FC4E0B00E8C2FE /* Animal_ProjUITests.m in Sources */ = {isa = PBXBuildFile; fileRef = 2144043122FC4E0B00E8C2FE /* Animal_ProjUITests.m */; };
		2144044D22FC4E1600E8C2FE /* Animal.framework in Frameworks */ = {isa = PBXBuildFile; fileRef = 2144044422FC4E1600E8C2FE /* Animal.framework */; };
		2144045422FC4E1600E8C2FE /* AnimalTests.m in Sources */ = {isa = PBXBuildFile; fileRef = 2144045322FC4E1600E8C2FE /* AnimalTests.m */; };
		2144045622FC4E1600E8C2FE /* Animal.h in Headers */ = {isa = PBXBuildFile; fileRef = 2144044622FC4E1600E8C2FE /* Animal.h */; settings = {ATTRIBUTES = (Public, ); }; };
		2144045922FC4E1600E8C2FE /* Animal.framework in Frameworks */ = {isa = PBXBuildFile; fileRef = 2144044422FC4E1600E8C2FE /* Animal.framework */; };
		2144045A22FC4E1600E8C2FE /* Animal.framework in Embed Frameworks */ = {isa = PBXBuildFile; fileRef = 2144044422FC4E1600E8C2FE /* Animal.framework */; settings = {ATTRIBUTES = (CodeSignOnCopy, RemoveHeadersOnCopy, ); }; };
		2144046422FC4E2900E8C2FE /* Dog.h in Headers */ = {isa = PBXBuildFile; fileRef = 2144046222FC4E2900E8C2FE /* Dog.h */; settings = {ATTRIBUTES = (Public, ); }; };
		2144046522FC4E2900E8C2FE /* Dog.m in Sources */ = {isa = PBXBuildFile; fileRef = 2144046322FC4E2900E8C2FE /* Dog.m */; };
/* End PBXBuildFile section */

/* Begin PBXContainerItemProxy section */
		2144042322FC4E0B00E8C2FE /* PBXContainerItemProxy */ = {
			isa = PBXContainerItemProxy;
			containerPortal = 2144040222FC4E0A00E8C2FE /* Project object */;
			proxyType = 1;
			remoteGlobalIDString = 2144040922FC4E0A00E8C2FE;
			remoteInfo = Animal_Proj;
		};
		2144042E22FC4E0B00E8C2FE /* PBXContainerItemProxy */ = {
			isa = PBXContainerItemProxy;
			containerPortal = 2144040222FC4E0A00E8C2FE /* Project object */;
			proxyType = 1;
			remoteGlobalIDString = 2144040922FC4E0A00E8C2FE;
			remoteInfo = Animal_Proj;
		};
		2144044E22FC4E1600E8C2FE /* PBXContainerItemProxy */ = {
			isa = PBXContainerItemProxy;
			containerPortal = 2144040222FC4E0A00E8C2FE /* Project object */;
			proxyType = 1;
			remoteGlobalIDString = 2144044322FC4E1600E8C2FE;
			remoteInfo = Animal;
		};
		2144045022FC4E1600E8C2FE /* PBXContainerItemProxy */ = {
			isa = PBXContainerItemProxy;
			containerPortal = 2144040222FC4E0A00E8C2FE /* Project object */;
			proxyType = 1;
			remoteGlobalIDString = 2144040922FC4E0A00E8C2FE;
			remoteInfo = Animal_Proj;
		};
		2144045722FC4E1600E8C2FE /* PBXContainerItemProxy */ = {
			isa = PBXContainerItemProxy;
			containerPortal = 2144040222FC4E0A00E8C2FE /* Project object */;
			proxyType = 1;
			remoteGlobalIDString = 2144044322FC4E1600E8C2FE;
			remoteInfo = Animal;
		};
/* End PBXContainerItemProxy section */

/* Begin PBXCopyFilesBuildPhase section */
		2144045E22FC4E1600E8C2FE /* Embed Frameworks */ = {
			isa = PBXCopyFilesBuildPhase;
			buildActionMask = 2147483647;
			dstPath = "";
			dstSubfolderSpec = 10;
			files = (
				2144045A22FC4E1600E8C2FE /* Animal.framework in Embed Frameworks */,
			);
			name = "Embed Frameworks";
			runOnlyForDeploymentPostprocessing = 0;
		};
/* End PBXCopyFilesBuildPhase section */

/* Begin PBXFileReference section */
		2144040A22FC4E0A00E8C2FE /* Animal_Proj.app */ = {isa = PBXFileReference; explicitFileType = wrapper.application; includeInIndex = 0; path = Animal_Proj.app; sourceTree = BUILT_PRODUCTS_DIR; };
		2144040D22FC4E0A00E8C2FE /* AppDelegate.h */ = {isa = PBXFileReference; lastKnownFileType = sourcecode.c.h; path = AppDelegate.h; sourceTree = "<group>"; };
		2144040E22FC4E0A00E8C2FE /* AppDelegate.m */ = {isa = PBXFileReference; lastKnownFileType = sourcecode.c.objc; path = AppDelegate.m; sourceTree = "<group>"; };
		2144041022FC4E0A00E8C2FE /* ViewController.h */ = {isa = PBXFileReference; lastKnownFileType = sourcecode.c.h; path = ViewController.h; sourceTree = "<group>"; };
		2144041122FC4E0A00E8C2FE /* ViewController.m */ = {isa = PBXFileReference; lastKnownFileType = sourcecode.c.objc; path = ViewController.m; sourceTree = "<group>"; };
		2144041422FC4E0A00E8C2FE /* Base */ = {isa = PBXFileReference; lastKnownFileType = file.storyboard; name = Base; path = Base.lproj/Main.storyboard; sourceTree = "<group>"; };
		2144041622FC4E0B00E8C2FE /* Assets.xcassets */ = {isa = PBXFileReference; lastKnownFileType = folder.assetcatalog; path = Assets.xcassets; sourceTree = "<group>"; };
		2144041922FC4E0B00E8C2FE /* Base */ = {isa = PBXFileReference; lastKnownFileType = file.storyboard; name = Base; path = Base.lproj/LaunchScreen.storyboard; sourceTree = "<group>"; };
		2144041B22FC4E0B00E8C2FE /* Info.plist */ = {isa = PBXFileReference; lastKnownFileType = text.plist.xml; path = Info.plist; sourceTree = "<group>"; };
		2144041C22FC4E0B00E8C2FE /* main.m */ = {isa = PBXFileReference; lastKnownFileType = sourcecode.c.objc; path = main.m; sourceTree = "<group>"; };
		2144042222FC4E0B00E8C2FE /* Animal_ProjTests.xctest */ = {isa = PBXFileReference; explicitFileType = wrapper.cfbundle; includeInIndex = 0; path = Animal_ProjTests.xctest; sourceTree = BUILT_PRODUCTS_DIR; };
		2144042622FC4E0B00E8C2FE /* Animal_ProjTests.m */ = {isa = PBXFileReference; lastKnownFileType = sourcecode.c.objc; path = Animal_ProjTests.m; sourceTree = "<group>"; };
		2144042822FC4E0B00E8C2FE /* Info.plist */ = {isa = PBXFileReference; lastKnownFileType = text.plist.xml; path = Info.plist; sourceTree = "<group>"; };
		2144042D22FC4E0B00E8C2FE /* Animal_ProjUITests.xctest */ = {isa = PBXFileReference; explicitFileType = wrapper.cfbundle; includeInIndex = 0; path = Animal_ProjUITests.xctest; sourceTree = BUILT_PRODUCTS_DIR; };
		2144043122FC4E0B00E8C2FE /* Animal_ProjUITests.m */ = {isa = PBXFileReference; lastKnownFileType = sourcecode.c.objc; path = Animal_ProjUITests.m; sourceTree = "<group>"; };
		2144043322FC4E0B00E8C2FE /* Info.plist */ = {isa = PBXFileReference; lastKnownFileType = text.plist.xml; path = Info.plist; sourceTree = "<group>"; };
		2144044422FC4E1600E8C2FE /* Animal.framework */ = {isa = PBXFileReference; explicitFileType = wrapper.framework; includeInIndex = 0; path = Animal.framework; sourceTree = BUILT_PRODUCTS_DIR; };
		2144044622FC4E1600E8C2FE /* Animal.h */ = {isa = PBXFileReference; lastKnownFileType = sourcecode.c.h; path = Animal.h; sourceTree = "<group>"; };
		2144044722FC4E1600E8C2FE /* Info.plist */ = {isa = PBXFileReference; lastKnownFileType = text.plist.xml; path = Info.plist; sourceTree = "<group>"; };
		2144044C22FC4E1600E8C2FE /* AnimalTests.xctest */ = {isa = PBXFileReference; explicitFileType = wrapper.cfbundle; includeInIndex = 0; path = AnimalTests.xctest; sourceTree = BUILT_PRODUCTS_DIR; };
		2144045322FC4E1600E8C2FE /* AnimalTests.m */ = {isa = PBXFileReference; lastKnownFileType = sourcecode.c.objc; path = AnimalTests.m; sourceTree = "<group>"; };
		2144045522FC4E1600E8C2FE /* Info.plist */ = {isa = PBXFileReference; lastKnownFileType = text.plist.xml; path = Info.plist; sourceTree = "<group>"; };
		2144046222FC4E2900E8C2FE /* Dog.h */ = {isa = PBXFileReference; lastKnownFileType = sourcecode.c.h; path = Dog.h; sourceTree = "<group>"; };
		2144046322FC4E2900E8C2FE /* Dog.m */ = {isa = PBXFileReference; lastKnownFileType = sourcecode.c.objc; path = Dog.m; sourceTree = "<group>"; };
/* End PBXFileReference section */

/* Begin PBXFrameworksBuildPhase section */
		2144040722FC4E0A00E8C2FE /* Frameworks */ = {
			isa = PBXFrameworksBuildPhase;
			buildActionMask = 2147483647;
			files = (
				2144045922FC4E1600E8C2FE /* Animal.framework in Frameworks */,
			);
			runOnlyForDeploymentPostprocessing = 0;
		};
		2144041F22FC4E0B00E8C2FE /* Frameworks */ = {
			isa = PBXFrameworksBuildPhase;
			buildActionMask = 2147483647;
			files = (
			);
			runOnlyForDeploymentPostprocessing = 0;
		};
		2144042A22FC4E0B00E8C2FE /* Frameworks */ = {
			isa = PBXFrameworksBuildPhase;
			buildActionMask = 2147483647;
			files = (
			);
			runOnlyForDeploymentPostprocessing = 0;
		};
		2144044122FC4E1600E8C2FE /* Frameworks */ = {
			isa = PBXFrameworksBuildPhase;
			buildActionMask = 2147483647;
			files = (
			);
			runOnlyForDeploymentPostprocessing = 0;
		};
		2144044922FC4E1600E8C2FE /* Frameworks */ = {
			isa = PBXFrameworksBuildPhase;
			buildActionMask = 2147483647;
			files = (
				2144044D22FC4E1600E8C2FE /* Animal.framework in Frameworks */,
			);
			runOnlyForDeploymentPostprocessing = 0;
		};
/* End PBXFrameworksBuildPhase section */

/* Begin PBXGroup section */
		2144040122FC4E0A00E8C2FE = {
			isa = PBXGroup;
			children = (
				2144040C22FC4E0A00E8C2FE /* Animal_Proj */,
				2144042522FC4E0B00E8C2FE /* Animal_ProjTests */,
				2144043022FC4E0B00E8C2FE /* Animal_ProjUITests */,
				2144044522FC4E1600E8C2FE /* Animal */,
				2144045222FC4E1600E8C2FE /* AnimalTests */,
				2144040B22FC4E0A00E8C2FE /* Products */,
			);
			sourceTree = "<group>";
		};
		2144040B22FC4E0A00E8C2FE /* Products */ = {
			isa = PBXGroup;
			children = (
				2144040A22FC4E0A00E8C2FE /* Animal_Proj.app */,
				2144042222FC4E0B00E8C2FE /* Animal_ProjTests.xctest */,
				2144042D22FC4E0B00E8C2FE /* Animal_ProjUITests.xctest */,
				2144044422FC4E1600E8C2FE /* Animal.framework */,
				2144044C22FC4E1600E8C2FE /* AnimalTests.xctest */,
			);
			name = Products;
			sourceTree = "<group>";
		};
		2144040C22FC4E0A00E8C2FE /* Animal_Proj */ = {
			isa = PBXGroup;
			children = (
				2144040D22FC4E0A00E8C2FE /* AppDelegate.h */,
				2144040E22FC4E0A00E8C2FE /* AppDelegate.m */,
				2144041022FC4E0A00E8C2FE /* ViewController.h */,
				2144041122FC4E0A00E8C2FE /* ViewController.m */,
				2144041322FC4E0A00E8C2FE /* Main.storyboard */,
				2144041622FC4E0B00E8C2FE /* Assets.xcassets */,
				2144041822FC4E0B00E8C2FE /* LaunchScreen.storyboard */,
				2144041B22FC4E0B00E8C2FE /* Info.plist */,
				2144041C22FC4E0B00E8C2FE /* main.m */,
			);
			path = Animal_Proj;
			sourceTree = "<group>";
		};
		2144042522FC4E0B00E8C2FE /* Animal_ProjTests */ = {
			isa = PBXGroup;
			children = (
				2144042622FC4E0B00E8C2FE /* Animal_ProjTests.m */,
				2144042822FC4E0B00E8C2FE /* Info.plist */,
			);
			path = Animal_ProjTests;
			sourceTree = "<group>";
		};
		2144043022FC4E0B00E8C2FE /* Animal_ProjUITests */ = {
			isa = PBXGroup;
			children = (
				2144043122FC4E0B00E8C2FE /* Animal_ProjUITests.m */,
				2144043322FC4E0B00E8C2FE /* Info.plist */,
			);
			path = Animal_ProjUITests;
			sourceTree = "<group>";
		};
		2144044522FC4E1600E8C2FE /* Animal */ = {
			isa = PBXGroup;
			children = (
				2144044622FC4E1600E8C2FE /* Animal.h */,
				2144044722FC4E1600E8C2FE /* Info.plist */,
				2144046222FC4E2900E8C2FE /* Dog.h */,
				2144046322FC4E2900E8C2FE /* Dog.m */,
			);
			path = Animal;
			sourceTree = "<group>";
		};
		2144045222FC4E1600E8C2FE /* AnimalTests */ = {
			isa = PBXGroup;
			children = (
				2144045322FC4E1600E8C2FE /* AnimalTests.m */,
				2144045522FC4E1600E8C2FE /* Info.plist */,
			);
			path = AnimalTests;
			sourceTree = "<group>";
		};
/* End PBXGroup section */

/* Begin PBXHeadersBuildPhase section */
		2144043F22FC4E1600E8C2FE /* Headers */ = {
			isa = PBXHeadersBuildPhase;
			buildActionMask = 2147483647;
			files = (
				2144045622FC4E1600E8C2FE /* Animal.h in Headers */,
				2144046422FC4E2900E8C2FE /* Dog.h in Headers */,
			);
			runOnlyForDeploymentPostprocessing = 0;
		};
/* End PBXHeadersBuildPhase section */

/* Begin PBXNativeTarget section */
		2144040922FC4E0A00E8C2FE /* Animal_Proj */ = {
			isa = PBXNativeTarget;
			buildConfigurationList = 2144043622FC4E0B00E8C2FE /* Build configuration list for PBXNativeTarget "Animal_Proj" */;
			buildPhases = (
				2144040622FC4E0A00E8C2FE /* Sources */,
				2144040722FC4E0A00E8C2FE /* Frameworks */,
				2144040822FC4E0A00E8C2FE /* Resources */,
				2144045E22FC4E1600E8C2FE /* Embed Frameworks */,
			);
			buildRules = (
			);
			dependencies = (
				2144045822FC4E1600E8C2FE /* PBXTargetDependency */,
			);
			name = Animal_Proj;
			productName = Animal_Proj;
			productReference = 2144040A22FC4E0A00E8C2FE /* Animal_Proj.app */;
			productType = "com.apple.product-type.application";
		};
		2144042122FC4E0B00E8C2FE /* Animal_ProjTests */ = {
			isa = PBXNativeTarget;
			buildConfigurationList = 2144043922FC4E0B00E8C2FE /* Build configuration list for PBXNativeTarget "Animal_ProjTests" */;
			buildPhases = (
				2144041E22FC4E0B00E8C2FE /* Sources */,
				2144041F22FC4E0B00E8C2FE /* Frameworks */,
				2144042022FC4E0B00E8C2FE /* Resources */,
			);
			buildRules = (
			);
			dependencies = (
				2144042422FC4E0B00E8C2FE /* PBXTargetDependency */,
			);
			name = Animal_ProjTests;
			productName = Animal_ProjTests;
			productReference = 2144042222FC4E0B00E8C2FE /* Animal_ProjTests.xctest */;
			productType = "com.apple.product-type.bundle.unit-test";
		};
		2144042C22FC4E0B00E8C2FE /* Animal_ProjUITests */ = {
			isa = PBXNativeTarget;
			buildConfigurationList = 2144043C22FC4E0B00E8C2FE /* Build configuration list for PBXNativeTarget "Animal_ProjUITests" */;
			buildPhases = (
				2144042922FC4E0B00E8C2FE /* Sources */,
				2144042A22FC4E0B00E8C2FE /* Frameworks */,
				2144042B22FC4E0B00E8C2FE /* Resources */,
			);
			buildRules = (
			);
			dependencies = (
				2144042F22FC4E0B00E8C2FE /* PBXTargetDependency */,
			);
			name = Animal_ProjUITests;
			productName = Animal_ProjUITests;
			productReference = 2144042D22FC4E0B00E8C2FE /* Animal_ProjUITests.xctest */;
			productType = "com.apple.product-type.bundle.ui-testing";
		};
		2144044322FC4E1600E8C2FE /* Animal */ = {
			isa = PBXNativeTarget;
			buildConfigurationList = 2144045B22FC4E1600E8C2FE /* Build configuration list for PBXNativeTarget "Animal" */;
			buildPhases = (
				2144043F22FC4E1600E8C2FE /* Headers */,
				2144044022FC4E1600E8C2FE /* Sources */,
				2144044122FC4E1600E8C2FE /* Frameworks */,
				2144044222FC4E1600E8C2FE /* Resources */,
			);
			buildRules = (
			);
			dependencies = (
			);
			name = Animal;
			productName = Animal;
			productReference = 2144044422FC4E1600E8C2FE /* Animal.framework */;
			productType = "com.apple.product-type.framework";
		};
		2144044B22FC4E1600E8C2FE /* AnimalTests */ = {
			isa = PBXNativeTarget;
			buildConfigurationList = 2144045F22FC4E1600E8C2FE /* Build configuration list for PBXNativeTarget "AnimalTests" */;
			buildPhases = (
				2144044822FC4E1600E8C2FE /* Sources */,
				2144044922FC4E1600E8C2FE /* Frameworks */,
				2144044A22FC4E1600E8C2FE /* Resources */,
			);
			buildRules = (
			);
			dependencies = (
				2144044F22FC4E1600E8C2FE /* PBXTargetDependency */,
				2144045122FC4E1600E8C2FE /* PBXTargetDependency */,
			);
			name = AnimalTests;
			productName = AnimalTests;
			productReference = 2144044C22FC4E1600E8C2FE /* AnimalTests.xctest */;
			productType = "com.apple.product-type.bundle.unit-test";
		};
/* End PBXNativeTarget section */

/* Begin PBXProject section */
		2144040222FC4E0A00E8C2FE /* Project object */ = {
			isa = PBXProject;
			attributes = {
				LastUpgradeCheck = 1020;
				ORGANIZATIONNAME = "中证机构间报价系统股份有限公司";
				TargetAttributes = {
					2144040922FC4E0A00E8C2FE = {
						CreatedOnToolsVersion = 10.2.1;
					};
					2144042122FC4E0B00E8C2FE = {
						CreatedOnToolsVersion = 10.2.1;
						TestTargetID = 2144040922FC4E0A00E8C2FE;
					};
					2144042C22FC4E0B00E8C2FE = {
						CreatedOnToolsVersion = 10.2.1;
						TestTargetID = 2144040922FC4E0A00E8C2FE;
					};
					2144044322FC4E1600E8C2FE = {
						CreatedOnToolsVersion = 10.2.1;
					};
					2144044B22FC4E1600E8C2FE = {
						CreatedOnToolsVersion = 10.2.1;
						TestTargetID = 2144040922FC4E0A00E8C2FE;
					};
				};
			};
			buildConfigurationList = 2144040522FC4E0A00E8C2FE /* Build configuration list for PBXProject "Animal_Proj" */;
			compatibilityVersion = "Xcode 9.3";
			developmentRegion = en;
			hasScannedForEncodings = 0;
			knownRegions = (
				en,
				Base,
			);
			mainGroup = 2144040122FC4E0A00E8C2FE;
			productRefGroup = 2144040B22FC4E0A00E8C2FE /* Products */;
			projectDirPath = "";
			projectRoot = "";
			targets = (
				2144040922FC4E0A00E8C2FE /* Animal_Proj */,
				2144042122FC4E0B00E8C2FE /* Animal_ProjTests */,
				2144042C22FC4E0B00E8C2FE /* Animal_ProjUITests */,
				2144044322FC4E1600E8C2FE /* Animal */,
				2144044B22FC4E1600E8C2FE /* AnimalTests */,
			);
		};
/* End PBXProject section */

/* Begin PBXResourcesBuildPhase section */
		2144040822FC4E0A00E8C2FE /* Resources */ = {
			isa = PBXResourcesBuildPhase;
			buildActionMask = 2147483647;
			files = (
				2144041A22FC4E0B00E8C2FE /* LaunchScreen.storyboard in Resources */,
				2144041722FC4E0B00E8C2FE /* Assets.xcassets in Resources */,
				2144041522FC4E0A00E8C2FE /* Main.storyboard in Resources */,
			);
			runOnlyForDeploymentPostprocessing = 0;
		};
		2144042022FC4E0B00E8C2FE /* Resources */ = {
			isa = PBXResourcesBuildPhase;
			buildActionMask = 2147483647;
			files = (
			);
			runOnlyForDeploymentPostprocessing = 0;
		};
		2144042B22FC4E0B00E8C2FE /* Resources */ = {
			isa = PBXResourcesBuildPhase;
			buildActionMask = 2147483647;
			files = (
			);
			runOnlyForDeploymentPostprocessing = 0;
		};
		2144044222FC4E1600E8C2FE /* Resources */ = {
			isa = PBXResourcesBuildPhase;
			buildActionMask = 2147483647;
			files = (
			);
			runOnlyForDeploymentPostprocessing = 0;
		};
		2144044A22FC4E1600E8C2FE /* Resources */ = {
			isa = PBXResourcesBuildPhase;
			buildActionMask = 2147483647;
			files = (
			);
			runOnlyForDeploymentPostprocessing = 0;
		};
/* End PBXResourcesBuildPhase section */

/* Begin PBXSourcesBuildPhase section */
		2144040622FC4E0A00E8C2FE /* Sources */ = {
			isa = PBXSourcesBuildPhase;
			buildActionMask = 2147483647;
			files = (
				2144041222FC4E0A00E8C2FE /* ViewController.m in Sources */,
				2144041D22FC4E0B00E8C2FE /* main.m in Sources */,
				2144040F22FC4E0A00E8C2FE /* AppDelegate.m in Sources */,
			);
			runOnlyForDeploymentPostprocessing = 0;
		};
		2144041E22FC4E0B00E8C2FE /* Sources */ = {
			isa = PBXSourcesBuildPhase;
			buildActionMask = 2147483647;
			files = (
				2144042722FC4E0B00E8C2FE /* Animal_ProjTests.m in Sources */,
			);
			runOnlyForDeploymentPostprocessing = 0;
		};
		2144042922FC4E0B00E8C2FE /* Sources */ = {
			isa = PBXSourcesBuildPhase;
			buildActionMask = 2147483647;
			files = (
				2144043222FC4E0B00E8C2FE /* Animal_ProjUITests.m in Sources */,
			);
			runOnlyForDeploymentPostprocessing = 0;
		};
		2144044022FC4E1600E8C2FE /* Sources */ = {
			isa = PBXSourcesBuildPhase;
			buildActionMask = 2147483647;
			files = (
				2144046522FC4E2900E8C2FE /* Dog.m in Sources */,
			);
			runOnlyForDeploymentPostprocessing = 0;
		};
		2144044822FC4E1600E8C2FE /* Sources */ = {
			isa = PBXSourcesBuildPhase;
			buildActionMask = 2147483647;
			files = (
				2144045422FC4E1600E8C2FE /* AnimalTests.m in Sources */,
			);
			runOnlyForDeploymentPostprocessing = 0;
		};
/* End PBXSourcesBuildPhase section */

/* Begin PBXTargetDependency section */
		2144042422FC4E0B00E8C2FE /* PBXTargetDependency */ = {
			isa = PBXTargetDependency;
			target = 2144040922FC4E0A00E8C2FE /* Animal_Proj */;
			targetProxy = 2144042322FC4E0B00E8C2FE /* PBXContainerItemProxy */;
		};
		2144042F22FC4E0B00E8C2FE /* PBXTargetDependency */ = {
			isa = PBXTargetDependency;
			target = 2144040922FC4E0A00E8C2FE /* Animal_Proj */;
			targetProxy = 2144042E22FC4E0B00E8C2FE /* PBXContainerItemProxy */;
		};
		2144044F22FC4E1600E8C2FE /* PBXTargetDependency */ = {
			isa = PBXTargetDependency;
			target = 2144044322FC4E1600E8C2FE /* Animal */;
			targetProxy = 2144044E22FC4E1600E8C2FE /* PBXContainerItemProxy */;
		};
		2144045122FC4E1600E8C2FE /* PBXTargetDependency */ = {
			isa = PBXTargetDependency;
			target = 2144040922FC4E0A00E8C2FE /* Animal_Proj */;
			targetProxy = 2144045022FC4E1600E8C2FE /* PBXContainerItemProxy */;
		};
		2144045822FC4E1600E8C2FE /* PBXTargetDependency */ = {
			isa = PBXTargetDependency;
			target = 2144044322FC4E1600E8C2FE /* Animal */;
			targetProxy = 2144045722FC4E1600E8C2FE /* PBXContainerItemProxy */;
		};
/* End PBXTargetDependency section */

/* Begin PBXVariantGroup section */
		2144041322FC4E0A00E8C2FE /* Main.storyboard */ = {
			isa = PBXVariantGroup;
			children = (
				2144041422FC4E0A00E8C2FE /* Base */,
			);
			name = Main.storyboard;
			sourceTree = "<group>";
		};
		2144041822FC4E0B00E8C2FE /* LaunchScreen.storyboard */ = {
			isa = PBXVariantGroup;
			children = (
				2144041922FC4E0B00E8C2FE /* Base */,
			);
			name = LaunchScreen.storyboard;
			sourceTree = "<group>";
		};
/* End PBXVariantGroup section */

/* Begin XCBuildConfiguration section */
		2144043422FC4E0B00E8C2FE /* Debug */ = {
			isa = XCBuildConfiguration;
			buildSettings = {
				ALWAYS_SEARCH_USER_PATHS = NO;
				CLANG_ANALYZER_NONNULL = YES;
				CLANG_ANALYZER_NUMBER_OBJECT_CONVERSION = YES_AGGRESSIVE;
				CLANG_CXX_LANGUAGE_STANDARD = "gnu++14";
				CLANG_CXX_LIBRARY = "libc++";
				CLANG_ENABLE_MODULES = YES;
				CLANG_ENABLE_OBJC_ARC = YES;
				CLANG_ENABLE_OBJC_WEAK = YES;
				CLANG_WARN_BLOCK_CAPTURE_AUTORELEASING = YES;
				CLANG_WARN_BOOL_CONVERSION = YES;
				CLANG_WARN_COMMA = YES;
				CLANG_WARN_CONSTANT_CONVERSION = YES;
				CLANG_WARN_DEPRECATED_OBJC_IMPLEMENTATIONS = YES;
				CLANG_WARN_DIRECT_OBJC_ISA_USAGE = YES_ERROR;
				CLANG_WARN_DOCUMENTATION_COMMENTS = YES;
				CLANG_WARN_EMPTY_BODY = YES;
				CLANG_WARN_ENUM_CONVERSION = YES;
				CLANG_WARN_INFINITE_RECURSION = YES;
				CLANG_WARN_INT_CONVERSION = YES;
				CLANG_WARN_NON_LITERAL_NULL_CONVERSION = YES;
				CLANG_WARN_OBJC_IMPLICIT_RETAIN_SELF = YES;
				CLANG_WARN_OBJC_LITERAL_CONVERSION = YES;
				CLANG_WARN_OBJC_ROOT_CLASS = YES_ERROR;
				CLANG_WARN_RANGE_LOOP_ANALYSIS = YES;
				CLANG_WARN_STRICT_PROTOTYPES = YES;
				CLANG_WARN_SUSPICIOUS_MOVE = YES;
				CLANG_WARN_UNGUARDED_AVAILABILITY = YES_AGGRESSIVE;
				CLANG_WARN_UNREACHABLE_CODE = YES;
				CLANG_WARN__DUPLICATE_METHOD_MATCH = YES;
				CODE_SIGN_IDENTITY = "iPhone Developer";
				COPY_PHASE_STRIP = NO;
				DEBUG_INFORMATION_FORMAT = dwarf;
				ENABLE_STRICT_OBJC_MSGSEND = YES;
				ENABLE_TESTABILITY = YES;
				GCC_C_LANGUAGE_STANDARD = gnu11;
				GCC_DYNAMIC_NO_PIC = NO;
				GCC_NO_COMMON_BLOCKS = YES;
				GCC_OPTIMIZATION_LEVEL = 0;
				GCC_PREPROCESSOR_DEFINITIONS = (
					"DEBUG=1",
					"$(inherited)",
				);
				GCC_WARN_64_TO_32_BIT_CONVERSION = YES;
				GCC_WARN_ABOUT_RETURN_TYPE = YES_ERROR;
				GCC_WARN_UNDECLARED_SELECTOR = YES;
				GCC_WARN_UNINITIALIZED_AUTOS = YES_AGGRESSIVE;
				GCC_WARN_UNUSED_FUNCTION = YES;
				GCC_WARN_UNUSED_VARIABLE = YES;
				IPHONEOS_DEPLOYMENT_TARGET = 9.0;
				MTL_ENABLE_DEBUG_INFO = INCLUDE_SOURCE;
				MTL_FAST_MATH = YES;
				ONLY_ACTIVE_ARCH = YES;
				SDKROOT = iphoneos;
			};
			name = Debug;
		};
		2144043522FC4E0B00E8C2FE /* Release */ = {
			isa = XCBuildConfiguration;
			buildSettings = {
				ALWAYS_SEARCH_USER_PATHS = NO;
				CLANG_ANALYZER_NONNULL = YES;
				CLANG_ANALYZER_NUMBER_OBJECT_CONVERSION = YES_AGGRESSIVE;
				CLANG_CXX_LANGUAGE_STANDARD = "gnu++14";
				CLANG_CXX_LIBRARY = "libc++";
				CLANG_ENABLE_MODULES = YES;
				CLANG_ENABLE_OBJC_ARC = YES;
				CLANG_ENABLE_OBJC_WEAK = YES;
				CLANG_WARN_BLOCK_CAPTURE_AUTORELEASING = YES;
				CLANG_WARN_BOOL_CONVERSION = YES;
				CLANG_WARN_COMMA = YES;
				CLANG_WARN_CONSTANT_CONVERSION = YES;
				CLANG_WARN_DEPRECATED_OBJC_IMPLEMENTATIONS = YES;
				CLANG_WARN_DIRECT_OBJC_ISA_USAGE = YES_ERROR;
				CLANG_WARN_DOCUMENTATION_COMMENTS = YES;
				CLANG_WARN_EMPTY_BODY = YES;
				CLANG_WARN_ENUM_CONVERSION = YES;
				CLANG_WARN_INFINITE_RECURSION = YES;
				CLANG_WARN_INT_CONVERSION = YES;
				CLANG_WARN_NON_LITERAL_NULL_CONVERSION = YES;
				CLANG_WARN_OBJC_IMPLICIT_RETAIN_SELF = YES;
				CLANG_WARN_OBJC_LITERAL_CONVERSION = YES;
				CLANG_WARN_OBJC_ROOT_CLASS = YES_ERROR;
				CLANG_WARN_RANGE_LOOP_ANALYSIS = YES;
				CLANG_WARN_STRICT_PROTOTYPES = YES;
				CLANG_WARN_SUSPICIOUS_MOVE = YES;
				CLANG_WARN_UNGUARDED_AVAILABILITY = YES_AGGRESSIVE;
				CLANG_WARN_UNREACHABLE_CODE = YES;
				CLANG_WARN__DUPLICATE_METHOD_MATCH = YES;
				CODE_SIGN_IDENTITY = "iPhone Developer";
				COPY_PHASE_STRIP = NO;
				DEBUG_INFORMATION_FORMAT = "dwarf-with-dsym";
				ENABLE_NS_ASSERTIONS = NO;
				ENABLE_STRICT_OBJC_MSGSEND = YES;
				GCC_C_LANGUAGE_STANDARD = gnu11;
				GCC_NO_COMMON_BLOCKS = YES;
				GCC_WARN_64_TO_32_BIT_CONVERSION = YES;
				GCC_WARN_ABOUT_RETURN_TYPE = YES_ERROR;
				GCC_WARN_UNDECLARED_SELECTOR = YES;
				GCC_WARN_UNINITIALIZED_AUTOS = YES_AGGRESSIVE;
				GCC_WARN_UNUSED_FUNCTION = YES;
				GCC_WARN_UNUSED_VARIABLE = YES;
				IPHONEOS_DEPLOYMENT_TARGET = 9.0;
				MTL_ENABLE_DEBUG_INFO = NO;
				MTL_FAST_MATH = YES;
				SDKROOT = iphoneos;
				VALIDATE_PRODUCT = YES;
			};
			name = Release;
		};
		2144043722FC4E0B00E8C2FE /* Debug */ = {
			isa = XCBuildConfiguration;
			buildSettings = {
				ASSETCATALOG_COMPILER_APPICON_NAME = AppIcon;
				CODE_SIGN_STYLE = Automatic;
				DEVELOPMENT_TEAM = 9882Z38UYR;
				INFOPLIST_FILE = Animal_Proj/Info.plist;
				LD_RUNPATH_SEARCH_PATHS = (
					"$(inherited)",
					"@executable_path/Frameworks",
				);
				PRODUCT_BUNDLE_IDENTIFIER = "com.otctech.Animal-Proj";
				PRODUCT_NAME = "$(TARGET_NAME)";
				TARGETED_DEVICE_FAMILY = "1,2";
			};
			name = Debug;
		};
		2144043822FC4E0B00E8C2FE /* Release */ = {
			isa = XCBuildConfiguration;
			buildSettings = {
				ASSETCATALOG_COMPILER_APPICON_NAME = AppIcon;
				CODE_SIGN_STYLE = Automatic;
				DEVELOPMENT_TEAM = 9882Z38UYR;
				INFOPLIST_FILE = Animal_Proj/Info.plist;
				LD_RUNPATH_SEARCH_PATHS = (
					"$(inherited)",
					"@executable_path/Frameworks",
				);
				PRODUCT_BUNDLE_IDENTIFIER = "com.otctech.Animal-Proj";
				PRODUCT_NAME = "$(TARGET_NAME)";
				TARGETED_DEVICE_FAMILY = "1,2";
			};
			name = Release;
		};
		2144043A22FC4E0B00E8C2FE /* Debug */ = {
			isa = XCBuildConfiguration;
			buildSettings = {
				BUNDLE_LOADER = "$(TEST_HOST)";
				CODE_SIGN_STYLE = Automatic;
				DEVELOPMENT_TEAM = 9882Z38UYR;
				INFOPLIST_FILE = Animal_ProjTests/Info.plist;
				LD_RUNPATH_SEARCH_PATHS = (
					"$(inherited)",
					"@executable_path/Frameworks",
					"@loader_path/Frameworks",
				);
				PRODUCT_BUNDLE_IDENTIFIER = "com.otctech.Animal-ProjTests";
				PRODUCT_NAME = "$(TARGET_NAME)";
				TARGETED_DEVICE_FAMILY = "1,2";
				TEST_HOST = "$(BUILT_PRODUCTS_DIR)/Animal_Proj.app/Animal_Proj";
			};
			name = Debug;
		};
		2144043B22FC4E0B00E8C2FE /* Release */ = {
			isa = XCBuildConfiguration;
			buildSettings = {
				BUNDLE_LOADER = "$(TEST_HOST)";
				CODE_SIGN_STYLE = Automatic;
				DEVELOPMENT_TEAM = 9882Z38UYR;
				INFOPLIST_FILE = Animal_ProjTests/Info.plist;
				LD_RUNPATH_SEARCH_PATHS = (
					"$(inherited)",
					"@executable_path/Frameworks",
					"@loader_path/Frameworks",
				);
				PRODUCT_BUNDLE_IDENTIFIER = "com.otctech.Animal-ProjTests";
				PRODUCT_NAME = "$(TARGET_NAME)";
				TARGETED_DEVICE_FAMILY = "1,2";
				TEST_HOST = "$(BUILT_PRODUCTS_DIR)/Animal_Proj.app/Animal_Proj";
			};
			name = Release;
		};
		2144043D22FC4E0B00E8C2FE /* Debug */ = {
			isa = XCBuildConfiguration;
			buildSettings = {
				CODE_SIGN_STYLE = Automatic;
				DEVELOPMENT_TEAM = 9882Z38UYR;
				INFOPLIST_FILE = Animal_ProjUITests/Info.plist;
				LD_RUNPATH_SEARCH_PATHS = (
					"$(inherited)",
					"@executable_path/Frameworks",
					"@loader_path/Frameworks",
				);
				PRODUCT_BUNDLE_IDENTIFIER = "com.otctech.Animal-ProjUITests";
				PRODUCT_NAME = "$(TARGET_NAME)";
				TARGETED_DEVICE_FAMILY = "1,2";
				TEST_TARGET_NAME = Animal_Proj;
			};
			name = Debug;
		};
		2144043E22FC4E0B00E8C2FE /* Release */ = {
			isa = XCBuildConfiguration;
			buildSettings = {
				CODE_SIGN_STYLE = Automatic;
				DEVELOPMENT_TEAM = 9882Z38UYR;
				INFOPLIST_FILE = Animal_ProjUITests/Info.plist;
				LD_RUNPATH_SEARCH_PATHS = (
					"$(inherited)",
					"@executable_path/Frameworks",
					"@loader_path/Frameworks",
				);
				PRODUCT_BUNDLE_IDENTIFIER = "com.otctech.Animal-ProjUITests";
				PRODUCT_NAME = "$(TARGET_NAME)";
				TARGETED_DEVICE_FAMILY = "1,2";
				TEST_TARGET_NAME = Animal_Proj;
			};
			name = Release;
		};
		2144045C22FC4E1600E8C2FE /* Debug */ = {
			isa = XCBuildConfiguration;
			buildSettings = {
				CODE_SIGN_IDENTITY = "";
				CODE_SIGN_STYLE = Automatic;
				CURRENT_PROJECT_VERSION = 1;
				DEFINES_MODULE = YES;
				DEVELOPMENT_TEAM = 9882Z38UYR;
				DYLIB_COMPATIBILITY_VERSION = 1;
				DYLIB_CURRENT_VERSION = 1;
				DYLIB_INSTALL_NAME_BASE = "@rpath";
				INFOPLIST_FILE = Animal/Info.plist;
				INSTALL_PATH = "$(LOCAL_LIBRARY_DIR)/Frameworks";
				LD_RUNPATH_SEARCH_PATHS = (
					"$(inherited)",
					"@executable_path/Frameworks",
					"@loader_path/Frameworks",
				);
				PRODUCT_BUNDLE_IDENTIFIER = com.otctech.Animal;
				PRODUCT_NAME = "$(TARGET_NAME:c99extidentifier)";
				SKIP_INSTALL = YES;
				TARGETED_DEVICE_FAMILY = "1,2";
				VERSIONING_SYSTEM = "apple-generic";
				VERSION_INFO_PREFIX = "";
			};
			name = Debug;
		};
		2144045D22FC4E1600E8C2FE /* Release */ = {
			isa = XCBuildConfiguration;
			buildSettings = {
				CODE_SIGN_IDENTITY = "";
				CODE_SIGN_STYLE = Automatic;
				CURRENT_PROJECT_VERSION = 1;
				DEFINES_MODULE = YES;
				DEVELOPMENT_TEAM = 9882Z38UYR;
				DYLIB_COMPATIBILITY_VERSION = 1;
				DYLIB_CURRENT_VERSION = 1;
				DYLIB_INSTALL_NAME_BASE = "@rpath";
				INFOPLIST_FILE = Animal/Info.plist;
				INSTALL_PATH = "$(LOCAL_LIBRARY_DIR)/Frameworks";
				LD_RUNPATH_SEARCH_PATHS = (
					"$(inherited)",
					"@executable_path/Frameworks",
					"@loader_path/Frameworks",
				);
				PRODUCT_BUNDLE_IDENTIFIER = com.otctech.Animal;
				PRODUCT_NAME = "$(TARGET_NAME:c99extidentifier)";
				SKIP_INSTALL = YES;
				TARGETED_DEVICE_FAMILY = "1,2";
				VERSIONING_SYSTEM = "apple-generic";
				VERSION_INFO_PREFIX = "";
			};
			name = Release;
		};
		2144046022FC4E1600E8C2FE /* Debug */ = {
			isa = XCBuildConfiguration;
			buildSettings = {
				CODE_SIGN_STYLE = Automatic;
				DEVELOPMENT_TEAM = 9882Z38UYR;
				INFOPLIST_FILE = AnimalTests/Info.plist;
				LD_RUNPATH_SEARCH_PATHS = (
					"$(inherited)",
					"@executable_path/Frameworks",
					"@loader_path/Frameworks",
				);
				PRODUCT_BUNDLE_IDENTIFIER = com.otctech.AnimalTests;
				PRODUCT_NAME = "$(TARGET_NAME)";
				TARGETED_DEVICE_FAMILY = "1,2";
				TEST_HOST = "$(BUILT_PRODUCTS_DIR)/Animal_Proj.app/Animal_Proj";
			};
			name = Debug;
		};
		2144046122FC4E1600E8C2FE /* Release */ = {
			isa = XCBuildConfiguration;
			buildSettings = {
				CODE_SIGN_STYLE = Automatic;
				DEVELOPMENT_TEAM = 9882Z38UYR;
				INFOPLIST_FILE = AnimalTests/Info.plist;
				LD_RUNPATH_SEARCH_PATHS = (
					"$(inherited)",
					"@executable_path/Frameworks",
					"@loader_path/Frameworks",
				);
				PRODUCT_BUNDLE_IDENTIFIER = com.otctech.AnimalTests;
				PRODUCT_NAME = "$(TARGET_NAME)";
				TARGETED_DEVICE_FAMILY = "1,2";
				TEST_HOST = "$(BUILT_PRODUCTS_DIR)/Animal_Proj.app/Animal_Proj";
			};
			name = Release;
		};
/* End XCBuildConfiguration section */

/* Begin XCConfigurationList section */
		2144040522FC4E0A00E8C2FE /* Build configuration list for PBXProject "Animal_Proj" */ = {
			isa = XCConfigurationList;
			buildConfigurations = (
				2144043422FC4E0B00E8C2FE /* Debug */,
				2144043522FC4E0B00E8C2FE /* Release */,
			);
			defaultConfigurationIsVisible = 0;
			defaultConfigurationName = Release;
		};
		2144043622FC4E0B00E8C2FE /* Build configuration list for PBXNativeTarget "Animal_Proj" */ = {
			isa = XCConfigurationList;
			buildConfigurations = (
				2144043722FC4E0B00E8C2FE /* Debug */,
				2144043822FC4E0B00E8C2FE /* Release */,
			);
			defaultConfigurationIsVisible = 0;
			defaultConfigurationName = Release;
		};
		2144043922FC4E0B00E8C2FE /* Build configuration list for PBXNativeTarget "Animal_ProjTests" */ = {
			isa = XCConfigurationList;
			buildConfigurations = (
				2144043A22FC4E0B00E8C2FE /* Debug */,
				2144043B22FC4E0B00E8C2FE /* Release */,
			);
			defaultConfigurationIsVisible = 0;
			defaultConfigurationName = Release;
		};
		2144043C22FC4E0B00E8C2FE /* Build configuration list for PBXNativeTarget "Animal_ProjUITests" */ = {
			isa = XCConfigurationList;
			buildConfigurations = (
				2144043D22FC4E0B00E8C2FE /* Debug */,
				2144043E22FC4E0B00E8C2FE /* Release */,
			);
			defaultConfigurationIsVisible = 0;
			defaultConfigurationName = Release;
		};
		2144045B22FC4E1600E8C2FE /* Build configuration list for PBXNativeTarget "Animal" */ = {
			isa = XCConfigurationList;
			buildConfigurations = (
				2144045C22FC4E1600E8C2FE /* Debug */,
				2144045D22FC4E1600E8C2FE /* Release */,
			);
			defaultConfigurationIsVisible = 0;
			defaultConfigurationName = Release;
		};
		2144045F22FC4E1600E8C2FE /* Build configuration list for PBXNativeTarget "AnimalTests" */ = {
			isa = XCConfigurationList;
			buildConfigurations = (
				2144046022FC4E1600E8C2FE /* Debug */,
				2144046122FC4E1600E8C2FE /* Release */,
			);
			defaultConfigurationIsVisible = 0;
			defaultConfigurationName = Release;
		};
/* End XCConfigurationList section */
	};
	rootObject = 2144040222FC4E0A00E8C2FE /* Project object */;
}
